// !$*UTF8*$!
{
	archiveVersion = 1;
	classes = {
	};
	objectVersion = 56;
	objects = {

/* Begin PBXBuildFile section */
		3B2C8165298D4A3400ECA031 /* BatteryLineIndicatorView.swift in Sources */ = {isa = PBXBuildFile; fileRef = 3B2C8164298D4A3400ECA031 /* BatteryLineIndicatorView.swift */; };
		3B522546299300B100493669 /* BatteryView.swift in Sources */ = {isa = PBXBuildFile; fileRef = 3B522545299300B100493669 /* BatteryView.swift */; };
		3BA899FC298CD95B003AE867 /* AppDelegate.swift in Sources */ = {isa = PBXBuildFile; fileRef = 3BA899FB298CD95B003AE867 /* AppDelegate.swift */; };
		3BA89A00298CD95B003AE867 /* ViewController.swift in Sources */ = {isa = PBXBuildFile; fileRef = 3BA899FF298CD95B003AE867 /* ViewController.swift */; };
		3BA89A05298CD95D003AE867 /* Assets.xcassets in Resources */ = {isa = PBXBuildFile; fileRef = 3BA89A04298CD95D003AE867 /* Assets.xcassets */; };
		3BA89A08298CD95D003AE867 /* LaunchScreen.storyboard in Resources */ = {isa = PBXBuildFile; fileRef = 3BA89A06298CD95D003AE867 /* LaunchScreen.storyboard */; };
		3BA89A11298CDB96003AE867 /* ClockView.swift in Sources */ = {isa = PBXBuildFile; fileRef = 3BA89A10298CDB96003AE867 /* ClockView.swift */; };
		3BA89A13298CDD0C003AE867 /* RepresentPreviewSwiftUI.swift in Sources */ = {isa = PBXBuildFile; fileRef = 3BA89A12298CDD0C003AE867 /* RepresentPreviewSwiftUI.swift */; };
		3BB53586299A35BF00C970C7 /* Ext + String.swift in Sources */ = {isa = PBXBuildFile; fileRef = 3BB53585299A35BF00C970C7 /* Ext + String.swift */; };
		3BB7E53F298EFB550070FEEA /* API.swift in Sources */ = {isa = PBXBuildFile; fileRef = 3BB7E53B298EFB550070FEEA /* API.swift */; };
		3BB7E540298EFB550070FEEA /* Constant.swift in Sources */ = {isa = PBXBuildFile; fileRef = 3BB7E53C298EFB550070FEEA /* Constant.swift */; };
		3BB7E541298EFB550070FEEA /* URL Manager.swift in Sources */ = {isa = PBXBuildFile; fileRef = 3BB7E53D298EFB550070FEEA /* URL Manager.swift */; };
		3BB7E542298EFB550070FEEA /* NetworkManager.swift in Sources */ = {isa = PBXBuildFile; fileRef = 3BB7E53E298EFB550070FEEA /* NetworkManager.swift */; };
		3BB7E54C298EFC160070FEEA /* CurrentWeather.swift in Sources */ = {isa = PBXBuildFile; fileRef = 3BB7E546298EFC160070FEEA /* CurrentWeather.swift */; };
		3BB7E54D298EFC160070FEEA /* ForecastOneCalAPI.swift in Sources */ = {isa = PBXBuildFile; fileRef = 3BB7E547298EFC160070FEEA /* ForecastOneCalAPI.swift */; };
		3BB7E54E298EFC160070FEEA /* Temperature.swift in Sources */ = {isa = PBXBuildFile; fileRef = 3BB7E548298EFC160070FEEA /* Temperature.swift */; };
		3BB7E54F298EFC160070FEEA /* Pressure.swift in Sources */ = {isa = PBXBuildFile; fileRef = 3BB7E549298EFC160070FEEA /* Pressure.swift */; };
		3BB7E550298EFC160070FEEA /* Forecast.swift in Sources */ = {isa = PBXBuildFile; fileRef = 3BB7E54A298EFC160070FEEA /* Forecast.swift */; };
		3BB7E552298EFDC00070FEEA /* LocationManager.swift in Sources */ = {isa = PBXBuildFile; fileRef = 3BB7E551298EFDC00070FEEA /* LocationManager.swift */; };
		3BB7E554298F13A20070FEEA /* WeatherView.swift in Sources */ = {isa = PBXBuildFile; fileRef = 3BB7E553298F13A20070FEEA /* WeatherView.swift */; };
		3BB7E576298F6C790070FEEA /* CurrentWeatherViewModel.swift in Sources */ = {isa = PBXBuildFile; fileRef = 3BB7E575298F6C790070FEEA /* CurrentWeatherViewModel.swift */; };
/* End PBXBuildFile section */

/* Begin PBXFileReference section */
		3B2C8164298D4A3400ECA031 /* BatteryLineIndicatorView.swift */ = {isa = PBXFileReference; lastKnownFileType = sourcecode.swift; path = BatteryLineIndicatorView.swift; sourceTree = "<group>"; };
		3B522545299300B100493669 /* BatteryView.swift */ = {isa = PBXFileReference; lastKnownFileType = sourcecode.swift; path = BatteryView.swift; sourceTree = "<group>"; };
		3BA899F8298CD95B003AE867 /* Clock.app */ = {isa = PBXFileReference; explicitFileType = wrapper.application; includeInIndex = 0; path = Clock.app; sourceTree = BUILT_PRODUCTS_DIR; };
		3BA899FB298CD95B003AE867 /* AppDelegate.swift */ = {isa = PBXFileReference; lastKnownFileType = sourcecode.swift; path = AppDelegate.swift; sourceTree = "<group>"; };
		3BA899FF298CD95B003AE867 /* ViewController.swift */ = {isa = PBXFileReference; lastKnownFileType = sourcecode.swift; path = ViewController.swift; sourceTree = "<group>"; };
		3BA89A04298CD95D003AE867 /* Assets.xcassets */ = {isa = PBXFileReference; lastKnownFileType = folder.assetcatalog; path = Assets.xcassets; sourceTree = "<group>"; };
		3BA89A07298CD95D003AE867 /* Base */ = {isa = PBXFileReference; lastKnownFileType = file.storyboard; name = Base; path = Base.lproj/LaunchScreen.storyboard; sourceTree = "<group>"; };
		3BA89A09298CD95D003AE867 /* Info.plist */ = {isa = PBXFileReference; lastKnownFileType = text.plist.xml; path = Info.plist; sourceTree = "<group>"; };
		3BA89A10298CDB96003AE867 /* ClockView.swift */ = {isa = PBXFileReference; lastKnownFileType = sourcecode.swift; path = ClockView.swift; sourceTree = "<group>"; };
		3BA89A12298CDD0C003AE867 /* RepresentPreviewSwiftUI.swift */ = {isa = PBXFileReference; lastKnownFileType = sourcecode.swift; path = RepresentPreviewSwiftUI.swift; sourceTree = "<group>"; };
		3BB53585299A35BF00C970C7 /* Ext + String.swift */ = {isa = PBXFileReference; lastKnownFileType = sourcecode.swift; path = "Ext + String.swift"; sourceTree = "<group>"; };
		3BB7E53B298EFB550070FEEA /* API.swift */ = {isa = PBXFileReference; fileEncoding = 4; lastKnownFileType = sourcecode.swift; path = API.swift; sourceTree = "<group>"; };
		3BB7E53C298EFB550070FEEA /* Constant.swift */ = {isa = PBXFileReference; fileEncoding = 4; lastKnownFileType = sourcecode.swift; path = Constant.swift; sourceTree = "<group>"; };
		3BB7E53D298EFB550070FEEA /* URL Manager.swift */ = {isa = PBXFileReference; fileEncoding = 4; lastKnownFileType = sourcecode.swift; path = "URL Manager.swift"; sourceTree = "<group>"; };
		3BB7E53E298EFB550070FEEA /* NetworkManager.swift */ = {isa = PBXFileReference; fileEncoding = 4; lastKnownFileType = sourcecode.swift; path = NetworkManager.swift; sourceTree = "<group>"; };
		3BB7E546298EFC160070FEEA /* CurrentWeather.swift */ = {isa = PBXFileReference; fileEncoding = 4; lastKnownFileType = sourcecode.swift; path = CurrentWeather.swift; sourceTree = "<group>"; };
		3BB7E547298EFC160070FEEA /* ForecastOneCalAPI.swift */ = {isa = PBXFileReference; fileEncoding = 4; lastKnownFileType = sourcecode.swift; path = ForecastOneCalAPI.swift; sourceTree = "<group>"; };
		3BB7E548298EFC160070FEEA /* Temperature.swift */ = {isa = PBXFileReference; fileEncoding = 4; lastKnownFileType = sourcecode.swift; path = Temperature.swift; sourceTree = "<group>"; };
		3BB7E549298EFC160070FEEA /* Pressure.swift */ = {isa = PBXFileReference; fileEncoding = 4; lastKnownFileType = sourcecode.swift; path = Pressure.swift; sourceTree = "<group>"; };
		3BB7E54A298EFC160070FEEA /* Forecast.swift */ = {isa = PBXFileReference; fileEncoding = 4; lastKnownFileType = sourcecode.swift; path = Forecast.swift; sourceTree = "<group>"; };
		3BB7E551298EFDC00070FEEA /* LocationManager.swift */ = {isa = PBXFileReference; fileEncoding = 4; lastKnownFileType = sourcecode.swift; path = LocationManager.swift; sourceTree = "<group>"; };
		3BB7E553298F13A20070FEEA /* WeatherView.swift */ = {isa = PBXFileReference; lastKnownFileType = sourcecode.swift; path = WeatherView.swift; sourceTree = "<group>"; };
		3BB7E575298F6C790070FEEA /* CurrentWeatherViewModel.swift */ = {isa = PBXFileReference; lastKnownFileType = sourcecode.swift; path = CurrentWeatherViewModel.swift; sourceTree = "<group>"; };
		3BCC5D222A793D170005C5AC /* Clock.entitlements */ = {isa = PBXFileReference; lastKnownFileType = text.plist.entitlements; path = Clock.entitlements; sourceTree = "<group>"; };
/* End PBXFileReference section */

/* Begin PBXFrameworksBuildPhase section */
		3BA899F5298CD95B003AE867 /* Frameworks */ = {
			isa = PBXFrameworksBuildPhase;
			buildActionMask = 2147483647;
			files = (
			);
			runOnlyForDeploymentPostprocessing = 0;
		};
/* End PBXFrameworksBuildPhase section */

/* Begin PBXGroup section */
		3BA899EF298CD95B003AE867 = {
			isa = PBXGroup;
			children = (
				3BA899FA298CD95B003AE867 /* Clock */,
				3BA899F9298CD95B003AE867 /* Products */,
			);
			sourceTree = "<group>";
		};
		3BA899F9298CD95B003AE867 /* Products */ = {
			isa = PBXGroup;
			children = (
				3BA899F8298CD95B003AE867 /* Clock.app */,
			);
			name = Products;
			sourceTree = "<group>";
		};
		3BA899FA298CD95B003AE867 /* Clock */ = {
			isa = PBXGroup;
			children = (
				3BCC5D222A793D170005C5AC /* Clock.entitlements */,
				3BB53584299A35AA00C970C7 /* Extensions */,
				3BB7E543298EFBCD0070FEEA /* Models */,
				3BA899FB298CD95B003AE867 /* AppDelegate.swift */,
				3BB7E53A298EFABF0070FEEA /* Services */,
				3BA89A0F298CDB7E003AE867 /* Views */,
				3BA89A04298CD95D003AE867 /* Assets.xcassets */,
				3BA89A09298CD95D003AE867 /* Info.plist */,
			);
			path = Clock;
			sourceTree = "<group>";
		};
		3BA89A0F298CDB7E003AE867 /* Views */ = {
			isa = PBXGroup;
			children = (
				3BA89A06298CD95D003AE867 /* LaunchScreen.storyboard */,
				3BA899FF298CD95B003AE867 /* ViewController.swift */,
				3BA89A10298CDB96003AE867 /* ClockView.swift */,
				3BB7E553298F13A20070FEEA /* WeatherView.swift */,
				3B2C8164298D4A3400ECA031 /* BatteryLineIndicatorView.swift */,
				3BA89A12298CDD0C003AE867 /* RepresentPreviewSwiftUI.swift */,
				3B522545299300B100493669 /* BatteryView.swift */,
			);
			path = Views;
			sourceTree = "<group>";
		};
		3BB53584299A35AA00C970C7 /* Extensions */ = {
			isa = PBXGroup;
			children = (
				3BB53585299A35BF00C970C7 /* Ext + String.swift */,
			);
			path = Extensions;
			sourceTree = "<group>";
		};
		3BB7E53A298EFABF0070FEEA /* Services */ = {
			isa = PBXGroup;
			children = (
				3BB7E551298EFDC00070FEEA /* LocationManager.swift */,
				3BB7E53B298EFB550070FEEA /* API.swift */,
				3BB7E53C298EFB550070FEEA /* Constant.swift */,
				3BB7E53E298EFB550070FEEA /* NetworkManager.swift */,
				3BB7E53D298EFB550070FEEA /* URL Manager.swift */,
			);
			path = Services;
			sourceTree = "<group>";
		};
		3BB7E543298EFBCD0070FEEA /* Models */ = {
			isa = PBXGroup;
			children = (
				3BB7E544298EFBDC0070FEEA /* API */,
				3BB7E575298F6C790070FEEA /* CurrentWeatherViewModel.swift */,
			);
			path = Models;
			sourceTree = "<group>";
		};
		3BB7E544298EFBDC0070FEEA /* API */ = {
			isa = PBXGroup;
			children = (
				3BB7E546298EFC160070FEEA /* CurrentWeather.swift */,
				3BB7E54A298EFC160070FEEA /* Forecast.swift */,
				3BB7E547298EFC160070FEEA /* ForecastOneCalAPI.swift */,
				3BB7E549298EFC160070FEEA /* Pressure.swift */,
				3BB7E548298EFC160070FEEA /* Temperature.swift */,
			);
			path = API;
			sourceTree = "<group>";
		};
/* End PBXGroup section */

/* Begin PBXNativeTarget section */
		3BA899F7298CD95B003AE867 /* Clock */ = {
			isa = PBXNativeTarget;
			buildConfigurationList = 3BA89A0C298CD95D003AE867 /* Build configuration list for PBXNativeTarget "Clock" */;
			buildPhases = (
				3BA899F4298CD95B003AE867 /* Sources */,
				3BA899F5298CD95B003AE867 /* Frameworks */,
				3BA899F6298CD95B003AE867 /* Resources */,
			);
			buildRules = (
			);
			dependencies = (
			);
			name = Clock;
			productName = Clock;
			productReference = 3BA899F8298CD95B003AE867 /* Clock.app */;
			productType = "com.apple.product-type.application";
		};
/* End PBXNativeTarget section */

/* Begin PBXProject section */
		3BA899F0298CD95B003AE867 /* Project object */ = {
			isa = PBXProject;
			attributes = {
				BuildIndependentTargetsInParallel = 1;
				LastSwiftUpdateCheck = 1420;
				LastUpgradeCheck = 1420;
				TargetAttributes = {
					3BA899F7298CD95B003AE867 = {
						CreatedOnToolsVersion = 14.2;
					};
				};
			};
			buildConfigurationList = 3BA899F3298CD95B003AE867 /* Build configuration list for PBXProject "Clock" */;
			compatibilityVersion = "Xcode 14.0";
			developmentRegion = en;
			hasScannedForEncodings = 0;
			knownRegions = (
				en,
				Base,
			);
			mainGroup = 3BA899EF298CD95B003AE867;
			productRefGroup = 3BA899F9298CD95B003AE867 /* Products */;
			projectDirPath = "";
			projectRoot = "";
			targets = (
				3BA899F7298CD95B003AE867 /* Clock */,
			);
		};
/* End PBXProject section */

/* Begin PBXResourcesBuildPhase section */
		3BA899F6298CD95B003AE867 /* Resources */ = {
			isa = PBXResourcesBuildPhase;
			buildActionMask = 2147483647;
			files = (
				3BA89A08298CD95D003AE867 /* LaunchScreen.storyboard in Resources */,
				3BA89A05298CD95D003AE867 /* Assets.xcassets in Resources */,
			);
			runOnlyForDeploymentPostprocessing = 0;
		};
/* End PBXResourcesBuildPhase section */

/* Begin PBXSourcesBuildPhase section */
		3BA899F4298CD95B003AE867 /* Sources */ = {
			isa = PBXSourcesBuildPhase;
			buildActionMask = 2147483647;
			files = (
				3B522546299300B100493669 /* BatteryView.swift in Sources */,
				3BB7E540298EFB550070FEEA /* Constant.swift in Sources */,
				3BB7E54C298EFC160070FEEA /* CurrentWeather.swift in Sources */,
				3B2C8165298D4A3400ECA031 /* BatteryLineIndicatorView.swift in Sources */,
				3BB7E541298EFB550070FEEA /* URL Manager.swift in Sources */,
				3BB7E550298EFC160070FEEA /* Forecast.swift in Sources */,
				3BB7E554298F13A20070FEEA /* WeatherView.swift in Sources */,
				3BB7E552298EFDC00070FEEA /* LocationManager.swift in Sources */,
				3BA89A00298CD95B003AE867 /* ViewController.swift in Sources */,
				3BA89A13298CDD0C003AE867 /* RepresentPreviewSwiftUI.swift in Sources */,
				3BA89A11298CDB96003AE867 /* ClockView.swift in Sources */,
				3BB7E53F298EFB550070FEEA /* API.swift in Sources */,
				3BB7E576298F6C790070FEEA /* CurrentWeatherViewModel.swift in Sources */,
				3BA899FC298CD95B003AE867 /* AppDelegate.swift in Sources */,
				3BB53586299A35BF00C970C7 /* Ext + String.swift in Sources */,
				3BB7E54E298EFC160070FEEA /* Temperature.swift in Sources */,
				3BB7E54D298EFC160070FEEA /* ForecastOneCalAPI.swift in Sources */,
				3BB7E54F298EFC160070FEEA /* Pressure.swift in Sources */,
				3BB7E542298EFB550070FEEA /* NetworkManager.swift in Sources */,
			);
			runOnlyForDeploymentPostprocessing = 0;
		};
/* End PBXSourcesBuildPhase section */

/* Begin PBXVariantGroup section */
		3BA89A06298CD95D003AE867 /* LaunchScreen.storyboard */ = {
			isa = PBXVariantGroup;
			children = (
				3BA89A07298CD95D003AE867 /* Base */,
			);
			name = LaunchScreen.storyboard;
			sourceTree = "<group>";
		};
/* End PBXVariantGroup section */

/* Begin XCBuildConfiguration section */
		3BA89A0A298CD95D003AE867 /* Debug */ = {
			isa = XCBuildConfiguration;
			buildSettings = {
				ALWAYS_SEARCH_USER_PATHS = NO;
				CLANG_ANALYZER_NONNULL = YES;
				CLANG_ANALYZER_NUMBER_OBJECT_CONVERSION = YES_AGGRESSIVE;
				CLANG_CXX_LANGUAGE_STANDARD = "gnu++20";
				CLANG_ENABLE_MODULES = YES;
				CLANG_ENABLE_OBJC_ARC = YES;
				CLANG_ENABLE_OBJC_WEAK = YES;
				CLANG_WARN_BLOCK_CAPTURE_AUTORELEASING = YES;
				CLANG_WARN_BOOL_CONVERSION = YES;
				CLANG_WARN_COMMA = YES;
				CLANG_WARN_CONSTANT_CONVERSION = YES;
				CLANG_WARN_DEPRECATED_OBJC_IMPLEMENTATIONS = YES;
				CLANG_WARN_DIRECT_OBJC_ISA_USAGE = YES_ERROR;
				CLANG_WARN_DOCUMENTATION_COMMENTS = YES;
				CLANG_WARN_EMPTY_BODY = YES;
				CLANG_WARN_ENUM_CONVERSION = YES;
				CLANG_WARN_INFINITE_RECURSION = YES;
				CLANG_WARN_INT_CONVERSION = YES;
				CLANG_WARN_NON_LITERAL_NULL_CONVERSION = YES;
				CLANG_WARN_OBJC_IMPLICIT_RETAIN_SELF = YES;
				CLANG_WARN_OBJC_LITERAL_CONVERSION = YES;
				CLANG_WARN_OBJC_ROOT_CLASS = YES_ERROR;
				CLANG_WARN_QUOTED_INCLUDE_IN_FRAMEWORK_HEADER = YES;
				CLANG_WARN_RANGE_LOOP_ANALYSIS = YES;
				CLANG_WARN_STRICT_PROTOTYPES = YES;
				CLANG_WARN_SUSPICIOUS_MOVE = YES;
				CLANG_WARN_UNGUARDED_AVAILABILITY = YES_AGGRESSIVE;
				CLANG_WARN_UNREACHABLE_CODE = YES;
				CLANG_WARN__DUPLICATE_METHOD_MATCH = YES;
				COPY_PHASE_STRIP = NO;
				DEBUG_INFORMATION_FORMAT = dwarf;
				ENABLE_STRICT_OBJC_MSGSEND = YES;
				ENABLE_TESTABILITY = YES;
				GCC_C_LANGUAGE_STANDARD = gnu11;
				GCC_DYNAMIC_NO_PIC = NO;
				GCC_NO_COMMON_BLOCKS = YES;
				GCC_OPTIMIZATION_LEVEL = 0;
				GCC_PREPROCESSOR_DEFINITIONS = (
					"DEBUG=1",
					"$(inherited)",
				);
				GCC_WARN_64_TO_32_BIT_CONVERSION = YES;
				GCC_WARN_ABOUT_RETURN_TYPE = YES_ERROR;
				GCC_WARN_UNDECLARED_SELECTOR = YES;
				GCC_WARN_UNINITIALIZED_AUTOS = YES_AGGRESSIVE;
				GCC_WARN_UNUSED_FUNCTION = YES;
				GCC_WARN_UNUSED_VARIABLE = YES;
				IPHONEOS_DEPLOYMENT_TARGET = 11.0;
				MTL_ENABLE_DEBUG_INFO = INCLUDE_SOURCE;
				MTL_FAST_MATH = YES;
				ONLY_ACTIVE_ARCH = YES;
				SDKROOT = iphoneos;
				SWIFT_ACTIVE_COMPILATION_CONDITIONS = DEBUG;
				SWIFT_OPTIMIZATION_LEVEL = "-Onone";
			};
			name = Debug;
		};
		3BA89A0B298CD95D003AE867 /* Release */ = {
			isa = XCBuildConfiguration;
			buildSettings = {
				ALWAYS_SEARCH_USER_PATHS = NO;
				CLANG_ANALYZER_NONNULL = YES;
				CLANG_ANALYZER_NUMBER_OBJECT_CONVERSION = YES_AGGRESSIVE;
				CLANG_CXX_LANGUAGE_STANDARD = "gnu++20";
				CLANG_ENABLE_MODULES = YES;
				CLANG_ENABLE_OBJC_ARC = YES;
				CLANG_ENABLE_OBJC_WEAK = YES;
				CLANG_WARN_BLOCK_CAPTURE_AUTORELEASING = YES;
				CLANG_WARN_BOOL_CONVERSION = YES;
				CLANG_WARN_COMMA = YES;
				CLANG_WARN_CONSTANT_CONVERSION = YES;
				CLANG_WARN_DEPRECATED_OBJC_IMPLEMENTATIONS = YES;
				CLANG_WARN_DIRECT_OBJC_ISA_USAGE = YES_ERROR;
				CLANG_WARN_DOCUMENTATION_COMMENTS = YES;
				CLANG_WARN_EMPTY_BODY = YES;
				CLANG_WARN_ENUM_CONVERSION = YES;
				CLANG_WARN_INFINITE_RECURSION = YES;
				CLANG_WARN_INT_CONVERSION = YES;
				CLANG_WARN_NON_LITERAL_NULL_CONVERSION = YES;
				CLANG_WARN_OBJC_IMPLICIT_RETAIN_SELF = YES;
				CLANG_WARN_OBJC_LITERAL_CONVERSION = YES;
				CLANG_WARN_OBJC_ROOT_CLASS = YES_ERROR;
				CLANG_WARN_QUOTED_INCLUDE_IN_FRAMEWORK_HEADER = YES;
				CLANG_WARN_RANGE_LOOP_ANALYSIS = YES;
				CLANG_WARN_STRICT_PROTOTYPES = YES;
				CLANG_WARN_SUSPICIOUS_MOVE = YES;
				CLANG_WARN_UNGUARDED_AVAILABILITY = YES_AGGRESSIVE;
				CLANG_WARN_UNREACHABLE_CODE = YES;
				CLANG_WARN__DUPLICATE_METHOD_MATCH = YES;
				COPY_PHASE_STRIP = NO;
				DEBUG_INFORMATION_FORMAT = "dwarf-with-dsym";
				ENABLE_NS_ASSERTIONS = NO;
				ENABLE_STRICT_OBJC_MSGSEND = YES;
				GCC_C_LANGUAGE_STANDARD = gnu11;
				GCC_NO_COMMON_BLOCKS = YES;
				GCC_WARN_64_TO_32_BIT_CONVERSION = YES;
				GCC_WARN_ABOUT_RETURN_TYPE = YES_ERROR;
				GCC_WARN_UNDECLARED_SELECTOR = YES;
				GCC_WARN_UNINITIALIZED_AUTOS = YES_AGGRESSIVE;
				GCC_WARN_UNUSED_FUNCTION = YES;
				GCC_WARN_UNUSED_VARIABLE = YES;
				IPHONEOS_DEPLOYMENT_TARGET = 11.0;
				MTL_ENABLE_DEBUG_INFO = NO;
				MTL_FAST_MATH = YES;
				SDKROOT = iphoneos;
				SWIFT_COMPILATION_MODE = wholemodule;
				SWIFT_OPTIMIZATION_LEVEL = "-O";
				VALIDATE_PRODUCT = YES;
			};
			name = Release;
		};
		3BA89A0D298CD95D003AE867 /* Debug */ = {
			isa = XCBuildConfiguration;
			buildSettings = {
				ASSETCATALOG_COMPILER_APPICON_NAME = AppIcon;
				ASSETCATALOG_COMPILER_GLOBAL_ACCENT_COLOR_NAME = AccentColor;
				CODE_SIGN_ENTITLEMENTS = Clock/Clock.entitlements;
				CODE_SIGN_STYLE = Automatic;
				CURRENT_PROJECT_VERSION = 7;
				DEVELOPMENT_TEAM = RNER64Q73Y;
				GENERATE_INFOPLIST_FILE = YES;
				INFOPLIST_FILE = Clock/Info.plist;
				INFOPLIST_KEY_CFBundleDisplayName = "Clock from Sergey";
				INFOPLIST_KEY_LSApplicationCategoryType = "public.app-category.weather";
				INFOPLIST_KEY_NSLocationAlwaysAndWhenInUseUsageDescription = "Turning on location services allows us to show you local weather.";
				INFOPLIST_KEY_NSLocationWhenInUseUsageDescription = "Turning on location services allows us to show you local weather.";
				INFOPLIST_KEY_UIApplicationSupportsIndirectInputEvents = YES;
				INFOPLIST_KEY_UILaunchStoryboardName = LaunchScreen.storyboard;
				INFOPLIST_KEY_UIMainStoryboardFile = "";
				INFOPLIST_KEY_UIRequiresFullScreen = YES;
				INFOPLIST_KEY_UISupportedInterfaceOrientations = "UIInterfaceOrientationLandscapeLeft UIInterfaceOrientationLandscapeRight";
				IPHONEOS_DEPLOYMENT_TARGET = 11.0;
				LD_RUNPATH_SEARCH_PATHS = (
					"$(inherited)",
					"@executable_path/Frameworks",
				);
				MARKETING_VERSION = 1.0;
				PRODUCT_BUNDLE_IDENTIFIER = ru.ageres7.Clock;
				PRODUCT_NAME = "$(TARGET_NAME)";
				SUPPORTED_PLATFORMS = "iphoneos iphonesimulator";
				SUPPORTS_MACCATALYST = YES;
				SUPPORTS_MAC_DESIGNED_FOR_IPHONE_IPAD = NO;
				SWIFT_EMIT_LOC_STRINGS = YES;
				SWIFT_VERSION = 5.0;
				TARGETED_DEVICE_FAMILY = "1,2,6";
			};
			name = Debug;
		};
		3BA89A0E298CD95D003AE867 /* Release */ = {
			isa = XCBuildConfiguration;
			buildSettings = {
				ASSETCATALOG_COMPILER_APPICON_NAME = AppIcon;
				ASSETCATALOG_COMPILER_GLOBAL_ACCENT_COLOR_NAME = AccentColor;
				CODE_SIGN_ENTITLEMENTS = Clock/Clock.entitlements;
				CODE_SIGN_STYLE = Automatic;
				CURRENT_PROJECT_VERSION = 7;
				DEVELOPMENT_TEAM = RNER64Q73Y;
				GENERATE_INFOPLIST_FILE = YES;
				INFOPLIST_FILE = Clock/Info.plist;
				INFOPLIST_KEY_CFBundleDisplayName = "Clock from Sergey";
				INFOPLIST_KEY_LSApplicationCategoryType = "public.app-category.weather";
				INFOPLIST_KEY_NSLocationAlwaysAndWhenInUseUsageDescription = "Turning on location services allows us to show you local weather.";
				INFOPLIST_KEY_NSLocationWhenInUseUsageDescription = "Turning on location services allows us to show you local weather.";
				INFOPLIST_KEY_UIApplicationSupportsIndirectInputEvents = YES;
				INFOPLIST_KEY_UILaunchStoryboardName = LaunchScreen.storyboard;
				INFOPLIST_KEY_UIMainStoryboardFile = "";
				INFOPLIST_KEY_UIRequiresFullScreen = YES;
				INFOPLIST_KEY_UISupportedInterfaceOrientations = "UIInterfaceOrientationLandscapeLeft UIInterfaceOrientationLandscapeRight";
				IPHONEOS_DEPLOYMENT_TARGET = 11.0;
				LD_RUNPATH_SEARCH_PATHS = (
					"$(inherited)",
					"@executable_path/Frameworks",
				);
				MARKETING_VERSION = 1.0;
				PRODUCT_BUNDLE_IDENTIFIER = ru.ageres7.Clock;
				PRODUCT_NAME = "$(TARGET_NAME)";
				SUPPORTED_PLATFORMS = "iphoneos iphonesimulator";
				SUPPORTS_MACCATALYST = YES;
				SUPPORTS_MAC_DESIGNED_FOR_IPHONE_IPAD = NO;
				SWIFT_EMIT_LOC_STRINGS = YES;
				SWIFT_VERSION = 5.0;
				TARGETED_DEVICE_FAMILY = "1,2,6";
			};
			name = Release;
		};
/* End XCBuildConfiguration section */

/* Begin XCConfigurationList section */
		3BA899F3298CD95B003AE867 /* Build configuration list for PBXProject "Clock" */ = {
			isa = XCConfigurationList;
			buildConfigurations = (
				3BA89A0A298CD95D003AE867 /* Debug */,
				3BA89A0B298CD95D003AE867 /* Release */,
			);
			defaultConfigurationIsVisible = 0;
			defaultConfigurationName = Debug;
		};
		3BA89A0C298CD95D003AE867 /* Build configuration list for PBXNativeTarget "Clock" */ = {
			isa = XCConfigurationList;
			buildConfigurations = (
				3BA89A0D298CD95D003AE867 /* Debug */,
				3BA89A0E298CD95D003AE867 /* Release */,
			);
			defaultConfigurationIsVisible = 0;
			defaultConfigurationName = Debug;
		};
/* End XCConfigurationList section */
	};
	rootObject = 3BA899F0298CD95B003AE867 /* Project object */;
}
